// !$*UTF8*$!
{
	archiveVersion = 1;
	classes = {
	};
	objectVersion = 56;
	objects = {

/* Begin PBXBuildFile section */
		7F71CAFD2A9F5FBB005BA8D7 /* ToDoManager.swift in Sources */ = {isa = PBXBuildFile; fileRef = 7F71CAFC2A9F5FBB005BA8D7 /* ToDoManager.swift */; };
		7FBDCC012A9C46F8009F12A0 /* AppDelegate.swift in Sources */ = {isa = PBXBuildFile; fileRef = 7FBDCC002A9C46F8009F12A0 /* AppDelegate.swift */; };
		7FBDCC032A9C46F8009F12A0 /* SceneDelegate.swift in Sources */ = {isa = PBXBuildFile; fileRef = 7FBDCC022A9C46F8009F12A0 /* SceneDelegate.swift */; };
		7FBDCC052A9C46F8009F12A0 /* MainViewController.swift in Sources */ = {isa = PBXBuildFile; fileRef = 7FBDCC042A9C46F8009F12A0 /* MainViewController.swift */; };
		7FBDCC082A9C46F8009F12A0 /* MainView.storyboard in Resources */ = {isa = PBXBuildFile; fileRef = 7FBDCC062A9C46F8009F12A0 /* MainView.storyboard */; };
		7FBDCC0A2A9C46F8009F12A0 /* Assets.xcassets in Resources */ = {isa = PBXBuildFile; fileRef = 7FBDCC092A9C46F8009F12A0 /* Assets.xcassets */; };
		7FBDCC182A9CB1E4009F12A0 /* ToDoList.swift in Sources */ = {isa = PBXBuildFile; fileRef = 7FBDCC172A9CB1E4009F12A0 /* ToDoList.swift */; };
		7FBDCC1A2A9CB1EE009F12A0 /* completedList.swift in Sources */ = {isa = PBXBuildFile; fileRef = 7FBDCC192A9CB1EE009F12A0 /* completedList.swift */; };
		7FF3ACBB2AA1803E0037D3C1 /* CustomTodoCell.swift in Sources */ = {isa = PBXBuildFile; fileRef = 7FF3ACBA2AA1803E0037D3C1 /* CustomTodoCell.swift */; };
/* End PBXBuildFile section */

/* Begin PBXFileReference section */
		7F71CAFC2A9F5FBB005BA8D7 /* ToDoManager.swift */ = {isa = PBXFileReference; lastKnownFileType = sourcecode.swift; path = ToDoManager.swift; sourceTree = "<group>"; };
		7FBDCBFD2A9C46F8009F12A0 /* NewToDoList.app */ = {isa = PBXFileReference; explicitFileType = wrapper.application; includeInIndex = 0; path = NewToDoList.app; sourceTree = BUILT_PRODUCTS_DIR; };
		7FBDCC002A9C46F8009F12A0 /* AppDelegate.swift */ = {isa = PBXFileReference; lastKnownFileType = sourcecode.swift; path = AppDelegate.swift; sourceTree = "<group>"; };
		7FBDCC022A9C46F8009F12A0 /* SceneDelegate.swift */ = {isa = PBXFileReference; lastKnownFileType = sourcecode.swift; path = SceneDelegate.swift; sourceTree = "<group>"; };
		7FBDCC042A9C46F8009F12A0 /* MainViewController.swift */ = {isa = PBXFileReference; lastKnownFileType = sourcecode.swift; path = MainViewController.swift; sourceTree = "<group>"; };
		7FBDCC072A9C46F8009F12A0 /* Base */ = {isa = PBXFileReference; lastKnownFileType = file.storyboard; name = Base; path = Base.lproj/MainView.storyboard; sourceTree = "<group>"; };
		7FBDCC092A9C46F8009F12A0 /* Assets.xcassets */ = {isa = PBXFileReference; lastKnownFileType = folder.assetcatalog; path = Assets.xcassets; sourceTree = "<group>"; };
		7FBDCC0E2A9C46F8009F12A0 /* Info.plist */ = {isa = PBXFileReference; lastKnownFileType = text.plist.xml; path = Info.plist; sourceTree = "<group>"; };
		7FBDCC172A9CB1E4009F12A0 /* ToDoList.swift */ = {isa = PBXFileReference; lastKnownFileType = sourcecode.swift; path = ToDoList.swift; sourceTree = "<group>"; };
		7FBDCC192A9CB1EE009F12A0 /* completedList.swift */ = {isa = PBXFileReference; lastKnownFileType = sourcecode.swift; path = completedList.swift; sourceTree = "<group>"; };
		7FF3ACBA2AA1803E0037D3C1 /* CustomTodoCell.swift */ = {isa = PBXFileReference; lastKnownFileType = sourcecode.swift; path = CustomTodoCell.swift; sourceTree = "<group>"; };
/* End PBXFileReference section */

/* Begin PBXFrameworksBuildPhase section */
		7FBDCBFA2A9C46F8009F12A0 /* Frameworks */ = {
			isa = PBXFrameworksBuildPhase;
			buildActionMask = 2147483647;
			files = (
			);
			runOnlyForDeploymentPostprocessing = 0;
		};
/* End PBXFrameworksBuildPhase section */

/* Begin PBXGroup section */
		7F71CAF92A9F3CD9005BA8D7 /* Cell */ = {
			isa = PBXGroup;
			children = (
				7FF3ACBA2AA1803E0037D3C1 /* CustomTodoCell.swift */,
			);
			path = Cell;
			sourceTree = "<group>";
		};
		7FBDCBF42A9C46F8009F12A0 = {
			isa = PBXGroup;
			children = (
				7FBDCBFF2A9C46F8009F12A0 /* NewToDoList */,
				7FBDCBFE2A9C46F8009F12A0 /* Products */,
			);
			sourceTree = "<group>";
		};
		7FBDCBFE2A9C46F8009F12A0 /* Products */ = {
			isa = PBXGroup;
			children = (
				7FBDCBFD2A9C46F8009F12A0 /* NewToDoList.app */,
			);
			name = Products;
			sourceTree = "<group>";
		};
		7FBDCBFF2A9C46F8009F12A0 /* NewToDoList */ = {
			isa = PBXGroup;
			children = (
				7FBDCC152A9CB1BF009F12A0 /* ToDoList */,
				7FBDCC162A9CB1C9009F12A0 /* completedList */,
				7FBDCC142A9C970C009F12A0 /* Main */,
				7FBDCC092A9C46F8009F12A0 /* Assets.xcassets */,
				7FBDCC002A9C46F8009F12A0 /* AppDelegate.swift */,
				7FBDCC022A9C46F8009F12A0 /* SceneDelegate.swift */,
				7FBDCC0E2A9C46F8009F12A0 /* Info.plist */,
			);
			path = NewToDoList;
			sourceTree = "<group>";
		};
		7FBDCC142A9C970C009F12A0 /* Main */ = {
			isa = PBXGroup;
			children = (
				7FBDCC042A9C46F8009F12A0 /* MainViewController.swift */,
				7FBDCC062A9C46F8009F12A0 /* MainView.storyboard */,
			);
			path = Main;
			sourceTree = "<group>";
		};
		7FBDCC152A9CB1BF009F12A0 /* ToDoList */ = {
			isa = PBXGroup;
			children = (
				7F71CAF92A9F3CD9005BA8D7 /* Cell */,
				7FBDCC172A9CB1E4009F12A0 /* ToDoList.swift */,
				7F71CAFC2A9F5FBB005BA8D7 /* ToDoManager.swift */,
			);
			path = ToDoList;
			sourceTree = "<group>";
		};
		7FBDCC162A9CB1C9009F12A0 /* completedList */ = {
			isa = PBXGroup;
			children = (
				7FBDCC192A9CB1EE009F12A0 /* completedList.swift */,
			);
			path = completedList;
			sourceTree = "<group>";
		};
/* End PBXGroup section */

/* Begin PBXNativeTarget section */
		7FBDCBFC2A9C46F8009F12A0 /* NewToDoList */ = {
			isa = PBXNativeTarget;
			buildConfigurationList = 7FBDCC112A9C46F8009F12A0 /* Build configuration list for PBXNativeTarget "NewToDoList" */;
			buildPhases = (
				7FBDCBF92A9C46F8009F12A0 /* Sources */,
				7FBDCBFA2A9C46F8009F12A0 /* Frameworks */,
				7FBDCBFB2A9C46F8009F12A0 /* Resources */,
			);
			buildRules = (
			);
			dependencies = (
			);
			name = NewToDoList;
			productName = NewToDoList;
			productReference = 7FBDCBFD2A9C46F8009F12A0 /* NewToDoList.app */;
			productType = "com.apple.product-type.application";
		};
/* End PBXNativeTarget section */

/* Begin PBXProject section */
		7FBDCBF52A9C46F8009F12A0 /* Project object */ = {
			isa = PBXProject;
			attributes = {
				BuildIndependentTargetsInParallel = 1;
				LastSwiftUpdateCheck = 1430;
				LastUpgradeCheck = 1430;
				TargetAttributes = {
					7FBDCBFC2A9C46F8009F12A0 = {
						CreatedOnToolsVersion = 14.3.1;
					};
				};
			};
			buildConfigurationList = 7FBDCBF82A9C46F8009F12A0 /* Build configuration list for PBXProject "NewToDoList" */;
			compatibilityVersion = "Xcode 14.0";
			developmentRegion = en;
			hasScannedForEncodings = 0;
			knownRegions = (
				en,
				Base,
			);
			mainGroup = 7FBDCBF42A9C46F8009F12A0;
			productRefGroup = 7FBDCBFE2A9C46F8009F12A0 /* Products */;
			projectDirPath = "";
			projectRoot = "";
			targets = (
				7FBDCBFC2A9C46F8009F12A0 /* NewToDoList */,
			);
		};
/* End PBXProject section */

/* Begin PBXResourcesBuildPhase section */
		7FBDCBFB2A9C46F8009F12A0 /* Resources */ = {
			isa = PBXResourcesBuildPhase;
			buildActionMask = 2147483647;
			files = (
				7FBDCC0A2A9C46F8009F12A0 /* Assets.xcassets in Resources */,
				7FBDCC082A9C46F8009F12A0 /* MainView.storyboard in Resources */,
			);
			runOnlyForDeploymentPostprocessing = 0;
		};
/* End PBXResourcesBuildPhase section */

/* Begin PBXSourcesBuildPhase section */
		7FBDCBF92A9C46F8009F12A0 /* Sources */ = {
			isa = PBXSourcesBuildPhase;
			buildActionMask = 2147483647;
			files = (
				7FF3ACBB2AA1803E0037D3C1 /* CustomTodoCell.swift in Sources */,
				7FBDCC052A9C46F8009F12A0 /* MainViewController.swift in Sources */,
				7FBDCC1A2A9CB1EE009F12A0 /* completedList.swift in Sources */,
				7F71CAFD2A9F5FBB005BA8D7 /* ToDoManager.swift in Sources */,
				7FBDCC012A9C46F8009F12A0 /* AppDelegate.swift in Sources */,
				7FBDCC032A9C46F8009F12A0 /* SceneDelegate.swift in Sources */,
				7FBDCC182A9CB1E4009F12A0 /* ToDoList.swift in Sources */,
			);
			runOnlyForDeploymentPostprocessing = 0;
		};
/* End PBXSourcesBuildPhase section */

/* Begin PBXVariantGroup section */
		7FBDCC062A9C46F8009F12A0 /* MainView.storyboard */ = {
			isa = PBXVariantGroup;
			children = (
				7FBDCC072A9C46F8009F12A0 /* Base */,
			);
			name = MainView.storyboard;
			sourceTree = "<group>";
		};
/* End PBXVariantGroup section */

/* Begin XCBuildConfiguration section */
		7FBDCC0F2A9C46F8009F12A0 /* Debug */ = {
			isa = XCBuildConfiguration;
			buildSettings = {
				ALWAYS_SEARCH_USER_PATHS = NO;
				CLANG_ANALYZER_NONNULL = YES;
				CLANG_ANALYZER_NUMBER_OBJECT_CONVERSION = YES_AGGRESSIVE;
				CLANG_CXX_LANGUAGE_STANDARD = "gnu++20";
				CLANG_ENABLE_MODULES = YES;
				CLANG_ENABLE_OBJC_ARC = YES;
				CLANG_ENABLE_OBJC_WEAK = YES;
				CLANG_WARN_BLOCK_CAPTURE_AUTORELEASING = YES;
				CLANG_WARN_BOOL_CONVERSION = YES;
				CLANG_WARN_COMMA = YES;
				CLANG_WARN_CONSTANT_CONVERSION = YES;
				CLANG_WARN_DEPRECATED_OBJC_IMPLEMENTATIONS = YES;
				CLANG_WARN_DIRECT_OBJC_ISA_USAGE = YES_ERROR;
				CLANG_WARN_DOCUMENTATION_COMMENTS = YES;
				CLANG_WARN_EMPTY_BODY = YES;
				CLANG_WARN_ENUM_CONVERSION = YES;
				CLANG_WARN_INFINITE_RECURSION = YES;
				CLANG_WARN_INT_CONVERSION = YES;
				CLANG_WARN_NON_LITERAL_NULL_CONVERSION = YES;
				CLANG_WARN_OBJC_IMPLICIT_RETAIN_SELF = YES;
				CLANG_WARN_OBJC_LITERAL_CONVERSION = YES;
				CLANG_WARN_OBJC_ROOT_CLASS = YES_ERROR;
				CLANG_WARN_QUOTED_INCLUDE_IN_FRAMEWORK_HEADER = YES;
				CLANG_WARN_RANGE_LOOP_ANALYSIS = YES;
				CLANG_WARN_STRICT_PROTOTYPES = YES;
				CLANG_WARN_SUSPICIOUS_MOVE = YES;
				CLANG_WARN_UNGUARDED_AVAILABILITY = YES_AGGRESSIVE;
				CLANG_WARN_UNREACHABLE_CODE = YES;
				CLANG_WARN__DUPLICATE_METHOD_MATCH = YES;
				COPY_PHASE_STRIP = NO;
				DEBUG_INFORMATION_FORMAT = dwarf;
				ENABLE_STRICT_OBJC_MSGSEND = YES;
				ENABLE_TESTABILITY = YES;
				GCC_C_LANGUAGE_STANDARD = gnu11;
				GCC_DYNAMIC_NO_PIC = NO;
				GCC_NO_COMMON_BLOCKS = YES;
				GCC_OPTIMIZATION_LEVEL = 0;
				GCC_PREPROCESSOR_DEFINITIONS = (
					"DEBUG=1",
					"$(inherited)",
				);
				GCC_WARN_64_TO_32_BIT_CONVERSION = YES;
				GCC_WARN_ABOUT_RETURN_TYPE = YES_ERROR;
				GCC_WARN_UNDECLARED_SELECTOR = YES;
				GCC_WARN_UNINITIALIZED_AUTOS = YES_AGGRESSIVE;
				GCC_WARN_UNUSED_FUNCTION = YES;
				GCC_WARN_UNUSED_VARIABLE = YES;
				IPHONEOS_DEPLOYMENT_TARGET = 16.4;
				MTL_ENABLE_DEBUG_INFO = INCLUDE_SOURCE;
				MTL_FAST_MATH = YES;
				ONLY_ACTIVE_ARCH = YES;
				SDKROOT = iphoneos;
				SWIFT_ACTIVE_COMPILATION_CONDITIONS = DEBUG;
				SWIFT_OPTIMIZATION_LEVEL = "-Onone";
			};
			name = Debug;
		};
		7FBDCC102A9C46F8009F12A0 /* Release */ = {
			isa = XCBuildConfiguration;
			buildSettings = {
				ALWAYS_SEARCH_USER_PATHS = NO;
				CLANG_ANALYZER_NONNULL = YES;
				CLANG_ANALYZER_NUMBER_OBJECT_CONVERSION = YES_AGGRESSIVE;
				CLANG_CXX_LANGUAGE_STANDARD = "gnu++20";
				CLANG_ENABLE_MODULES = YES;
				CLANG_ENABLE_OBJC_ARC = YES;
				CLANG_ENABLE_OBJC_WEAK = YES;
				CLANG_WARN_BLOCK_CAPTURE_AUTORELEASING = YES;
				CLANG_WARN_BOOL_CONVERSION = YES;
				CLANG_WARN_COMMA = YES;
				CLANG_WARN_CONSTANT_CONVERSION = YES;
				CLANG_WARN_DEPRECATED_OBJC_IMPLEMENTATIONS = YES;
				CLANG_WARN_DIRECT_OBJC_ISA_USAGE = YES_ERROR;
				CLANG_WARN_DOCUMENTATION_COMMENTS = YES;
				CLANG_WARN_EMPTY_BODY = YES;
				CLANG_WARN_ENUM_CONVERSION = YES;
				CLANG_WARN_INFINITE_RECURSION = YES;
				CLANG_WARN_INT_CONVERSION = YES;
				CLANG_WARN_NON_LITERAL_NULL_CONVERSION = YES;
				CLANG_WARN_OBJC_IMPLICIT_RETAIN_SELF = YES;
				CLANG_WARN_OBJC_LITERAL_CONVERSION = YES;
				CLANG_WARN_OBJC_ROOT_CLASS = YES_ERROR;
				CLANG_WARN_QUOTED_INCLUDE_IN_FRAMEWORK_HEADER = YES;
				CLANG_WARN_RANGE_LOOP_ANALYSIS = YES;
				CLANG_WARN_STRICT_PROTOTYPES = YES;
				CLANG_WARN_SUSPICIOUS_MOVE = YES;
				CLANG_WARN_UNGUARDED_AVAILABILITY = YES_AGGRESSIVE;
				CLANG_WARN_UNREACHABLE_CODE = YES;
				CLANG_WARN__DUPLICATE_METHOD_MATCH = YES;
				COPY_PHASE_STRIP = NO;
				DEBUG_INFORMATION_FORMAT = "dwarf-with-dsym";
				ENABLE_NS_ASSERTIONS = NO;
				ENABLE_STRICT_OBJC_MSGSEND = YES;
				GCC_C_LANGUAGE_STANDARD = gnu11;
				GCC_NO_COMMON_BLOCKS = YES;
				GCC_WARN_64_TO_32_BIT_CONVERSION = YES;
				GCC_WARN_ABOUT_RETURN_TYPE = YES_ERROR;
				GCC_WARN_UNDECLARED_SELECTOR = YES;
				GCC_WARN_UNINITIALIZED_AUTOS = YES_AGGRESSIVE;
				GCC_WARN_UNUSED_FUNCTION = YES;
				GCC_WARN_UNUSED_VARIABLE = YES;
				IPHONEOS_DEPLOYMENT_TARGET = 16.4;
				MTL_ENABLE_DEBUG_INFO = NO;
				MTL_FAST_MATH = YES;
				SDKROOT = iphoneos;
				SWIFT_COMPILATION_MODE = wholemodule;
				SWIFT_OPTIMIZATION_LEVEL = "-O";
				VALIDATE_PRODUCT = YES;
			};
			name = Release;
		};
		7FBDCC122A9C46F8009F12A0 /* Debug */ = {
			isa = XCBuildConfiguration;
			buildSettings = {
				ASSETCATALOG_COMPILER_APPICON_NAME = AppIcon;
				ASSETCATALOG_COMPILER_GLOBAL_ACCENT_COLOR_NAME = AccentColor;
				CODE_SIGN_STYLE = Automatic;
				CURRENT_PROJECT_VERSION = 1;
				DEVELOPMENT_TEAM = RVG276WKQ2;
				GENERATE_INFOPLIST_FILE = YES;
				INFOPLIST_FILE = NewToDoList/Info.plist;
				INFOPLIST_KEY_UIApplicationSupportsIndirectInputEvents = YES;
				INFOPLIST_KEY_UILaunchStoryboardName = LaunchScreen;
				INFOPLIST_KEY_UIMainStoryboardFile = MainView;
				INFOPLIST_KEY_UIStatusBarStyle = "";
				INFOPLIST_KEY_UISupportedInterfaceOrientations_iPad = "UIInterfaceOrientationPortrait UIInterfaceOrientationPortraitUpsideDown UIInterfaceOrientationLandscapeLeft UIInterfaceOrientationLandscapeRight";
				INFOPLIST_KEY_UISupportedInterfaceOrientations_iPhone = "UIInterfaceOrientationPortrait UIInterfaceOrientationLandscapeLeft UIInterfaceOrientationLandscapeRight";
				IPHONEOS_DEPLOYMENT_TARGET = 15.0;
				LD_RUNPATH_SEARCH_PATHS = (
					"$(inherited)",
					"@executable_path/Frameworks",
				);
				MARKETING_VERSION = 1.0;
				PRODUCT_BUNDLE_IDENTIFIER = direchan.NewToDoList;
				PRODUCT_NAME = "$(TARGET_NAME)";
				SWIFT_EMIT_LOC_STRINGS = YES;
				SWIFT_VERSION = 5.0;
				TARGETED_DEVICE_FAMILY = "1,2";
			};
			name = Debug;
		};
		7FBDCC132A9C46F8009F12A0 /* Release */ = {
			isa = XCBuildConfiguration;
			buildSettings = {
				ASSETCATALOG_COMPILER_APPICON_NAME = AppIcon;
				ASSETCATALOG_COMPILER_GLOBAL_ACCENT_COLOR_NAME = AccentColor;
				CODE_SIGN_STYLE = Automatic;
				CURRENT_PROJECT_VERSION = 1;
				DEVELOPMENT_TEAM = RVG276WKQ2;
				GENERATE_INFOPLIST_FILE = YES;
				INFOPLIST_FILE = NewToDoList/Info.plist;
				INFOPLIST_KEY_UIApplicationSupportsIndirectInputEvents = YES;
				INFOPLIST_KEY_UILaunchStoryboardName = LaunchScreen;
				INFOPLIST_KEY_UIMainStoryboardFile = MainView;
				INFOPLIST_KEY_UIStatusBarStyle = "";
				INFOPLIST_KEY_UISupportedInterfaceOrientations_iPad = "UIInterfaceOrientationPortrait UIInterfaceOrientationPortraitUpsideDown UIInterfaceOrientationLandscapeLeft UIInterfaceOrientationLandscapeRight";
				INFOPLIST_KEY_UISupportedInterfaceOrientations_iPhone = "UIInterfaceOrientationPortrait UIInterfaceOrientationLandscapeLeft UIInterfaceOrientationLandscapeRight";
				IPHONEOS_DEPLOYMENT_TARGET = 15.0;
				LD_RUNPATH_SEARCH_PATHS = (
					"$(inherited)",
					"@executable_path/Frameworks",
				);
				MARKETING_VERSION = 1.0;
				PRODUCT_BUNDLE_IDENTIFIER = direchan.NewToDoList;
				PRODUCT_NAME = "$(TARGET_NAME)";
				SWIFT_EMIT_LOC_STRINGS = YES;
				SWIFT_VERSION = 5.0;
				TARGETED_DEVICE_FAMILY = "1,2";
			};
			name = Release;
		};
/* End XCBuildConfiguration section */

/* Begin XCConfigurationList section */
		7FBDCBF82A9C46F8009F12A0 /* Build configuration list for PBXProject "NewToDoList" */ = {
			isa = XCConfigurationList;
			buildConfigurations = (
				7FBDCC0F2A9C46F8009F12A0 /* Debug */,
				7FBDCC102A9C46F8009F12A0 /* Release */,
			);
			defaultConfigurationIsVisible = 0;
			defaultConfigurationName = Release;
		};
		7FBDCC112A9C46F8009F12A0 /* Build configuration list for PBXNativeTarget "NewToDoList" */ = {
			isa = XCConfigurationList;
			buildConfigurations = (
				7FBDCC122A9C46F8009F12A0 /* Debug */,
				7FBDCC132A9C46F8009F12A0 /* Release */,
			);
			defaultConfigurationIsVisible = 0;
			defaultConfigurationName = Release;
		};
/* End XCConfigurationList section */
	};
	rootObject = 7FBDCBF52A9C46F8009F12A0 /* Project object */;
}
